
Microsoft Visual Studio Solution File, Format Version 12.00
# Visual Studio Version 16
VisualStudioVersion = 25.0.1704.3
MinimumVisualStudioVersion = 10.0.40219.1
Project("{FAE04EC0-301F-11D3-BF4B-00C04F79EFBC}") = "HelloWorld", "HelloWorld.csproj", "{905A21E2-7DCF-4E62-BDB2-FF4310C3561B}"
EndProject
Global
	GlobalSection(SolutionConfigurationPlatforms) = preSolution
		Debug|Any CPU = Debug|Any CPU
		Release|Any CPU = Release|Any CPU
	EndGlobalSection
	GlobalSection(ProjectConfigurationPlatforms) = postSolution
		{905A21E2-7DCF-4E62-BDB2-FF4310C3561B}.Debug|Any CPU.ActiveCfg = Debug|Any CPU
		{905A21E2-7DCF-4E62-BDB2-FF4310C3561B}.Debug|Any CPU.Build.0 = Debug|Any CPU
		{905A21E2-7DCF-4E62-BDB2-FF4310C3561B}.Release|Any CPU.ActiveCfg = Release|Any CPU
		{905A21E2-7DCF-4E62-BDB2-FF4310C3561B}.Release|Any CPU.Build.0 = Release|Any CPU
	EndGlobalSection
	GlobalSection(SolutionProperties) = preSolution
		HideSolutionNode = FALSE
	EndGlobalSection
	GlobalSection(ExtensibilityGlobals) = postSolution
		SolutionGuid = {0C9E9BB0-08F4-4617-81B2-DF2EF329EF53}
	EndGlobalSection
EndGlobal
